
Microsoft Visual Studio Solution File, Format Version 12.00
# Visual Studio 15
Project("{FAE04EC0-301F-11D3-BF4B-00C04F79EFBC}") = "HelloWorld", "HelloWorld\HelloWorld.csproj", "{C1535C18-5424-484D-8952-BF7E708C41F4}"
EndProject
Global
	GlobalSection(SolutionConfigurationPlatforms) = preSolution
		Debug|Any CPU = Debug|Any CPU
		Release|Any CPU = Release|Any CPU
	EndGlobalSection
	GlobalSection(ProjectConfigurationPlatforms) = postSolution
		{C1535C18-5424-484D-8952-BF7E708C41F4}.Debug|Any CPU.ActiveCfg = Debug|Any CPU
		{C1535C18-5424-484D-8952-BF7E708C41F4}.Debug|Any CPU.Build.0 = Debug|Any CPU
		{C1535C18-5424-484D-8952-BF7E708C41F4}.Release|Any CPU.ActiveCfg = Release|Any CPU
		{C1535C18-5424-484D-8952-BF7E708C41F4}.Release|Any CPU.Build.0 = Release|Any CPU
	EndGlobalSection
EndGlobal
